PODS:
  - Flutter (1.0.0)
  - native_sim (0.0.1):
    - Flutter

DEPENDENCIES:
  - Flutter (from `Flutter`)
  - native_sim (from `.symlinks/plugins/native_sim/ios`)

EXTERNAL SOURCES:
  Flutter:
    :path: Flutter
  native_sim:
    :path: ".symlinks/plugins/native_sim/ios"

SPEC CHECKSUMS:
  Flutter: 0e3d915762c693b495b44d77113d4970485de6ec
  native_sim: f87b128de46e6fa38b94eb4dc0106d795c50c1d4

PODFILE CHECKSUM: a75497545d4391e2d394c3668e20cfb1c2bbd4aa

COCOAPODS: 1.8.4
