PODS:
  - Flutter (1.0.0)
  - native_sim (0.0.1):
    - Flutter

DEPENDENCIES:
  - Flutter (from `Flutter`)
  - native_sim (from `.symlinks/plugins/native_sim/ios`)

EXTERNAL SOURCES:
  Flutter:
    :path: Flutter
  native_sim:
    :path: ".symlinks/plugins/native_sim/ios"

SPEC CHECKSUMS:
  Flutter: 0e3d915762c693b495b44d77113d4970485de6ec
  native_sim: 004530e4ef48d70944d54016987296c290a3e4f2

PODFILE CHECKSUM: 1b66dae606f75376c5f2135a8290850eeb09ae83

COCOAPODS: 1.8.4
